{
  "name": "watch_bro",
  "version": "1.0.0",
  "lockfileVersion": 3,
  "requires": true,
  "packages": {
    "": {
      "name": "watch_bro",
      "version": "1.0.0",
      "license": "MIT",
      "dependencies": {
        "hono": "^4.12.8"
      }
    },
    "node_modules/hono": {
      "version": "4.12.8",
      "license": "MIT",
      "engines": {
        "node": ">=16.9.0"
      }
    }
  }
}
